{
  "requires": true,
  "lockfileVersion": 1,
  "dependencies": {
    "@babel/code-frame": {
      "version": "7.10.4",
      "resolved": "https://registry.npmjs.org/@babel/code-frame/-/code-frame-7.10.4.tgz",
      "integrity": "sha512-vG6SvB6oYEhvgisZNFRmRCUkLz11c7rp+tbNTynGqc6mS1d5ATd/sGyV6W0KZZnXRKMTzZDRgQT3Ou9jhpAfUg==",
      "requires": {
        "@babel/highlight": "^7.10.4"
      }
    },
    "@babel/generator": {
      "version": "7.12.5",
      "resolved": "https://registry.npmjs.org/@babel/generator/-/generator-7.12.5.tgz",
      "integrity": "sha512-m16TQQJ8hPt7E+OS/XVQg/7U184MLXtvuGbCdA7na61vha+ImkyyNM/9DDA0unYCVZn3ZOhng+qz48/KBOT96A==",
      "requires": {
        "@babel/types": "^7.12.5",
        "jsesc": "^2.5.1",
        "source-map": "^0.5.0"
      }
    },
    "@babel/helper-annotate-as-pure": {
      "version": "7.10.4",
      "resolved": "https://registry.npmjs.org/@babel/helper-annotate-as-pure/-/helper-annotate-as-pure-7.10.4.tgz",
      "integrity": "sha512-XQlqKQP4vXFB7BN8fEEerrmYvHp3fK/rBkRFz9jaJbzK0B1DSfej9Kc7ZzE8Z/OnId1jpJdNAZ3BFQjWG68rcA==",
      "requires": {
        "@babel/types": "^7.10.4"
      }
    },
    "@babel/helper-function-name": {
      "version": "7.10.4",
      "resolved": "https://registry.npmjs.org/@babel/helper-function-name/-/helper-function-name-7.10.4.tgz",
      "integrity": "sha512-YdaSyz1n8gY44EmN7x44zBn9zQ1Ry2Y+3GTA+3vH6Mizke1Vw0aWDM66FOYEPw8//qKkmqOckrGgTYa+6sceqQ==",
      "requires": {
        "@babel/helper-get-function-arity": "^7.10.4",
        "@babel/template": "^7.10.4",
        "@babel/types": "^7.10.4"
      }
    },
    "@babel/helper-get-function-arity": {
      "version": "7.10.4",
      "resolved": "https://registry.npmjs.org/@babel/helper-get-function-arity/-/helper-get-function-arity-7.10.4.tgz",
      "integrity": "sha512-EkN3YDB+SRDgiIUnNgcmiD361ti+AVbL3f3Henf6dqqUyr5dMsorno0lJWJuLhDhkI5sYEpgj6y9kB8AOU1I2A==",
      "requires": {
        "@babel/types": "^7.10.4"
      }
    },
    "@babel/helper-module-imports": {
      "version": "7.12.5",
      "resolved": "https://registry.npmjs.org/@babel/helper-module-imports/-/helper-module-imports-7.12.5.tgz",
      "integrity": "sha512-SR713Ogqg6++uexFRORf/+nPXMmWIn80TALu0uaFb+iQIUoR7bOC7zBWyzBs5b3tBBJXuyD0cRu1F15GyzjOWA==",
      "requires": {
        "@babel/types": "^7.12.5"
      }
    },
    "@babel/helper-split-export-declaration": {
      "version": "7.11.0",
      "resolved": "https://registry.npmjs.org/@babel/helper-split-export-declaration/-/helper-split-export-declaration-7.11.0.tgz",
      "integrity": "sha512-74Vejvp6mHkGE+m+k5vHY93FX2cAtrw1zXrZXRlG4l410Nm9PxfEiVTn1PjDPV5SnmieiueY4AFg2xqhNFuuZg==",
      "requires": {
        "@babel/types": "^7.11.0"
      }
    },
    "@babel/helper-validator-identifier": {
      "version": "7.10.4",
      "resolved": "https://registry.npmjs.org/@babel/helper-validator-identifier/-/helper-validator-identifier-7.10.4.tgz",
      "integrity": "sha512-3U9y+43hz7ZM+rzG24Qe2mufW5KhvFg/NhnNph+i9mgCtdTCtMJuI1TMkrIUiK7Ix4PYlRF9I5dhqaLYA/ADXw=="
    },
    "@babel/highlight": {
      "version": "7.10.4",
      "resolved": "https://registry.npmjs.org/@babel/highlight/-/highlight-7.10.4.tgz",
      "integrity": "sha512-i6rgnR/YgPEQzZZnbTHHuZdlE8qyoBNalD6F+q4vAFlcMEcqmkoG+mPqJYJCo63qPf74+Y1UZsl3l6f7/RIkmA==",
      "requires": {
        "@babel/helper-validator-identifier": "^7.10.4",
        "chalk": "^2.0.0",
        "js-tokens": "^4.0.0"
      }
    },
    "@babel/parser": {
      "version": "7.12.7",
      "resolved": "https://registry.npmjs.org/@babel/parser/-/parser-7.12.7.tgz",
      "integrity": "sha512-oWR02Ubp4xTLCAqPRiNIuMVgNO5Aif/xpXtabhzW2HWUD47XJsAB4Zd/Rg30+XeQA3juXigV7hlquOTmwqLiwg=="
    },
    "@babel/runtime": {
      "version": "7.12.5",
      "resolved": "https://registry.npmjs.org/@babel/runtime/-/runtime-7.12.5.tgz",
      "integrity": "sha512-plcc+hbExy3McchJCEQG3knOsuh3HH+Prx1P6cLIkET/0dLuQDEnrT+s27Axgc9bqfsmNUNHfscgMUdBpC9xfg==",
      "requires": {
        "regenerator-runtime": "^0.13.4"
      }
    },
    "@babel/template": {
      "version": "7.12.7",
      "resolved": "https://registry.npmjs.org/@babel/template/-/template-7.12.7.tgz",
      "integrity": "sha512-GkDzmHS6GV7ZeXfJZ0tLRBhZcMcY0/Lnb+eEbXDBfCAcZCjrZKe6p3J4we/D24O9Y8enxWAg1cWwof59yLh2ow==",
      "requires": {
        "@babel/code-frame": "^7.10.4",
        "@babel/parser": "^7.12.7",
        "@babel/types": "^7.12.7"
      }
    },
    "@babel/traverse": {
      "version": "7.12.7",
      "resolved": "https://registry.npmjs.org/@babel/traverse/-/traverse-7.12.7.tgz",
      "integrity": "sha512-nMWaqsQEeSvMNypswUDzjqQ+0rR6pqCtoQpsqGJC4/Khm9cISwPTSpai57F6/jDaOoEGz8yE/WxcO3PV6tKSmQ==",
      "requires": {
        "@babel/code-frame": "^7.10.4",
        "@babel/generator": "^7.12.5",
        "@babel/helper-function-name": "^7.10.4",
        "@babel/helper-split-export-declaration": "^7.11.0",
        "@babel/parser": "^7.12.7",
        "@babel/types": "^7.12.7",
        "debug": "^4.1.0",
        "globals": "^11.1.0",
        "lodash": "^4.17.19"
      }
    },
    "@babel/types": {
      "version": "7.12.7",
      "resolved": "https://registry.npmjs.org/@babel/types/-/types-7.12.7.tgz",
      "integrity": "sha512-MNyI92qZq6jrQkXvtIiykvl4WtoRrVV9MPn+ZfsoEENjiWcBQ3ZSHrkxnJWgWtLX3XXqX5hrSQ+X69wkmesXuQ==",
      "requires": {
        "@babel/helper-validator-identifier": "^7.10.4",
        "lodash": "^4.17.19",
        "to-fast-properties": "^2.0.0"
      }
    },
    "@emotion/is-prop-valid": {
      "version": "0.8.8",
      "resolved": "https://registry.npmjs.org/@emotion/is-prop-valid/-/is-prop-valid-0.8.8.tgz",
      "integrity": "sha512-u5WtneEAr5IDG2Wv65yhunPSMLIpuKsbuOktRojfrEiEvRyC85LgPMZI63cr7NUqT8ZIGdSVg8ZKGxIug4lXcA==",
      "requires": {
        "@emotion/memoize": "0.7.4"
      }
    },
    "@emotion/memoize": {
      "version": "0.7.4",
      "resolved": "https://registry.npmjs.org/@emotion/memoize/-/memoize-0.7.4.tgz",
      "integrity": "sha512-Ja/Vfqe3HpuzRsG1oBtWTHk2PGZ7GR+2Vz5iYGelAw8dx32K0y7PjVuxK6z1nMpZOqAFsRUPCkK1YjJ56qJlgw=="
    },
    "@emotion/stylis": {
      "version": "0.8.5",
      "resolved": "https://registry.npmjs.org/@emotion/stylis/-/stylis-0.8.5.tgz",
      "integrity": "sha512-h6KtPihKFn3T9fuIrwvXXUOwlx3rfUvfZIcP5a6rh8Y7zjE3O06hT5Ss4S/YI1AYhuZ1kjaE/5EaOOI2NqSylQ=="
    },
    "@emotion/unitless": {
      "version": "0.7.5",
      "resolved": "https://registry.npmjs.org/@emotion/unitless/-/unitless-0.7.5.tgz",
      "integrity": "sha512-OWORNpfjMsSSUBVrRBVGECkhWcULOAJz9ZW8uK9qgxD+87M7jHRcvh/A96XXNhXTLmKcoYSQtBEX7lHMO7YRwg=="
    },
    "@reduxjs/toolkit": {
      "version": "1.4.0",
      "resolved": "https://registry.npmjs.org/@reduxjs/toolkit/-/toolkit-1.4.0.tgz",
      "integrity": "sha512-hkxQwVx4BNVRsYdxjNF6cAseRmtrkpSlcgJRr3kLUcHPIAMZAmMJkXmHh/eUEGTMqPzsYpJLM7NN2w9fxQDuGw==",
      "requires": {
        "immer": "^7.0.3",
        "redux": "^4.0.0",
        "redux-thunk": "^2.3.0",
        "reselect": "^4.0.0"
      }
    },
    "@types/react-calendar": {
      "version": "3.1.2",
      "resolved": "https://registry.npmjs.org/@types/react-calendar/-/react-calendar-3.1.2.tgz",
      "integrity": "sha512-QZ8EMG2P3230GQNEMXtSJq8v8zJkJqs8xpbohMbBefYG7i1MX2YzOsDoBWF2dpq36mrkXpoNgmmeVnXIT0DYtw=="
    },
    "@wojtekmaj/date-utils": {
      "version": "1.0.3",
      "resolved": "https://registry.npmjs.org/@wojtekmaj/date-utils/-/date-utils-1.0.3.tgz",
      "integrity": "sha512-1VPkkTBk07gMR1fjpBtse4G+oJqpmE+0gUFB0dg3VIL7qJmUVaBoD/vlzMm/jNeOPfvlmerl1lpnsZyBUFIRuw=="
    },
    "ansi-styles": {
      "version": "3.2.1",
      "resolved": "https://registry.npmjs.org/ansi-styles/-/ansi-styles-3.2.1.tgz",
      "integrity": "sha512-VT0ZI6kZRdTh8YyJw3SMbYm/u+NqfsAxEpWO0Pf9sq8/e94WxxOpPKx9FR1FlyCtOVDNOQ+8ntlqFxiRc+r5qA==",
      "requires": {
        "color-convert": "^1.9.0"
      }
    },
    "babel-plugin-styled-components": {
      "version": "1.12.0",
      "resolved": "https://registry.npmjs.org/babel-plugin-styled-components/-/babel-plugin-styled-components-1.12.0.tgz",
      "integrity": "sha512-FEiD7l5ZABdJPpLssKXjBUJMYqzbcNzBowfXDCdJhOpbhWiewapUaY+LZGT8R4Jg2TwOjGjG4RKeyrO5p9sBkA==",
      "requires": {
        "@babel/helper-annotate-as-pure": "^7.0.0",
        "@babel/helper-module-imports": "^7.0.0",
        "babel-plugin-syntax-jsx": "^6.18.0",
        "lodash": "^4.17.11"
      }
    },
    "babel-plugin-syntax-jsx": {
      "version": "6.18.0",
      "resolved": "https://registry.npmjs.org/babel-plugin-syntax-jsx/-/babel-plugin-syntax-jsx-6.18.0.tgz",
      "integrity": "sha1-CvMqmm4Tyno/1QaeYtew9Y0NiUY="
    },
    "camelize": {
      "version": "1.0.0",
      "resolved": "https://registry.npmjs.org/camelize/-/camelize-1.0.0.tgz",
      "integrity": "sha1-FkpUg+Yw+kMh5a8HAg5TGDGyYJs="
    },
    "chalk": {
      "version": "2.4.2",
      "resolved": "https://registry.npmjs.org/chalk/-/chalk-2.4.2.tgz",
      "integrity": "sha512-Mti+f9lpJNcwF4tWV8/OrTTtF1gZi+f8FqlyAdouralcFWFQWF2+NgCHShjkCb+IFBLq9buZwE1xckQU4peSuQ==",
      "requires": {
        "ansi-styles": "^3.2.1",
        "escape-string-regexp": "^1.0.5",
        "supports-color": "^5.3.0"
      }
    },
    "color-convert": {
      "version": "1.9.3",
      "resolved": "https://registry.npmjs.org/color-convert/-/color-convert-1.9.3.tgz",
      "integrity": "sha512-QfAUtd+vFdAtFQcC8CCyYt1fYWxSqAiK2cSD6zDB8N3cpsEBAvRxp9zOGg6G/SHHJYAT88/az/IuDGALsNVbGg==",
      "requires": {
        "color-name": "1.1.3"
      }
    },
    "color-name": {
      "version": "1.1.3",
      "resolved": "https://registry.npmjs.org/color-name/-/color-name-1.1.3.tgz",
      "integrity": "sha1-p9BVi9icQveV3UIyj3QIMcpTvCU="
    },
    "components": {
      "version": "0.1.0",
      "resolved": "https://registry.npmjs.org/components/-/components-0.1.0.tgz",
      "integrity": "sha1-IFfAjpx78mYv7slcSeX/Kpq4XtU="
    },
    "css-color-keywords": {
      "version": "1.0.0",
      "resolved": "https://registry.npmjs.org/css-color-keywords/-/css-color-keywords-1.0.0.tgz",
      "integrity": "sha1-/qJhbcZ2spYmhrOvjb2+GAskTgU="
    },
    "css-to-react-native": {
      "version": "3.0.0",
      "resolved": "https://registry.npmjs.org/css-to-react-native/-/css-to-react-native-3.0.0.tgz",
      "integrity": "sha512-Ro1yETZA813eoyUp2GDBhG2j+YggidUmzO1/v9eYBKR2EHVEniE2MI/NqpTQ954BMpTPZFsGNPm46qFB9dpaPQ==",
      "requires": {
        "camelize": "^1.0.0",
        "css-color-keywords": "^1.0.0",
        "postcss-value-parser": "^4.0.2"
      }
    },
    "debug": {
      "version": "4.3.1",
      "resolved": "https://registry.npmjs.org/debug/-/debug-4.3.1.tgz",
      "integrity": "sha512-doEwdvm4PCeK4K3RQN2ZC2BYUBaxwLARCqZmMjtF8a51J2Rb0xpVloFRnCODwqjpwnAoao4pelN8l3RJdv3gRQ==",
      "requires": {
        "ms": "2.1.2"
      }
    },
    "detect-element-overflow": {
      "version": "1.2.0",
      "resolved": "https://registry.npmjs.org/detect-element-overflow/-/detect-element-overflow-1.2.0.tgz",
      "integrity": "sha512-Jtr9ivYPhpd9OJux+hjL0QjUKiS1Ghgy8tvIufUjFslQgIWvgGr4mn57H190APbKkiOmXnmtMI6ytaKzMusecg=="
    },
    "escape-string-regexp": {
      "version": "1.0.5",
      "resolved": "https://registry.npmjs.org/escape-string-regexp/-/escape-string-regexp-1.0.5.tgz",
      "integrity": "sha1-G2HAViGQqN/2rjuyzwIAyhMLhtQ="
    },
    "get-user-locale": {
      "version": "1.4.0",
      "resolved": "https://registry.npmjs.org/get-user-locale/-/get-user-locale-1.4.0.tgz",
      "integrity": "sha512-gQo03lP1OArHLKlnoglqrGGl7b04u2EP9Xutmp72cMdtrrSD7ZgIsCsUKZynYWLDkVJW33Cj3pliP7uP0UonHQ==",
      "requires": {
        "lodash.once": "^4.1.1"
      }
    },
    "globals": {
      "version": "11.12.0",
      "resolved": "https://registry.npmjs.org/globals/-/globals-11.12.0.tgz",
      "integrity": "sha512-WOBp/EEGUiIsJSp7wcv/y6MO+lV9UoncWqxuFfm8eBwzWNgyfBd6Gz+IeKQ9jCmyhoH99g15M3T+QaVHFjizVA=="
    },
    "has-flag": {
      "version": "3.0.0",
      "resolved": "https://registry.npmjs.org/has-flag/-/has-flag-3.0.0.tgz",
      "integrity": "sha1-tdRU3CGZriJWmfNGfloH87lVuv0="
    },
    "hoist-non-react-statics": {
      "version": "3.3.2",
      "resolved": "https://registry.npmjs.org/hoist-non-react-statics/-/hoist-non-react-statics-3.3.2.tgz",
      "integrity": "sha512-/gGivxi8JPKWNm/W0jSmzcMPpfpPLc3dY/6GxhX2hQ9iGj3aDfklV4ET7NjKpSinLpJ5vafa9iiGIEZg10SfBw==",
      "requires": {
        "react-is": "^16.7.0"
      }
    },
    "immer": {
      "version": "7.0.15",
      "resolved": "https://registry.npmjs.org/immer/-/immer-7.0.15.tgz",
      "integrity": "sha512-yM7jo9+hvYgvdCQdqvhCNRRio0SCXc8xDPzA25SvKWa7b1WVPjLwQs1VYU5JPXjcJPTqAa5NP5dqpORGYBQ2AA=="
    },
    "js-tokens": {
      "version": "4.0.0",
      "resolved": "https://registry.npmjs.org/js-tokens/-/js-tokens-4.0.0.tgz",
      "integrity": "sha512-RdJUflcE3cUzKiMqQgsCu06FPu9UdIJO0beYbPhHN4k6apgJtifcoCtT9bcxOpYBtpD2kCM6Sbzg4CausW/PKQ=="
    },
    "jsesc": {
      "version": "2.5.2",
      "resolved": "https://registry.npmjs.org/jsesc/-/jsesc-2.5.2.tgz",
      "integrity": "sha512-OYu7XEzjkCQ3C5Ps3QIZsQfNpqoJyZZA99wd9aWd05NCtC5pWOkShK2mkL6HXQR6/Cy2lbNdPlZBpuQHXE63gA=="
    },
    "lodash": {
      "version": "4.17.20",
      "resolved": "https://registry.npmjs.org/lodash/-/lodash-4.17.20.tgz",
      "integrity": "sha512-PlhdFcillOINfeV7Ni6oF1TAEayyZBoZ8bcshTHqOYJYlrqzRK5hagpagky5o4HfCzzd1TRkXPMFq6cKk9rGmA=="
    },
    "lodash.once": {
      "version": "4.1.1",
      "resolved": "https://registry.npmjs.org/lodash.once/-/lodash.once-4.1.1.tgz",
      "integrity": "sha1-DdOXEhPHxW34gJd9UEyI+0cal6w="
    },
    "loose-envify": {
      "version": "1.4.0",
      "resolved": "https://registry.npmjs.org/loose-envify/-/loose-envify-1.4.0.tgz",
      "integrity": "sha512-lyuxPGr/Wfhrlem2CL/UcnUc1zcqKAImBDzukY7Y5F/yQiNdko6+fRLevlw1HgMySw7f611UIY408EtxRSoK3Q==",
      "requires": {
        "js-tokens": "^3.0.0 || ^4.0.0"
      }
    },
    "make-event-props": {
      "version": "1.2.0",
      "resolved": "https://registry.npmjs.org/make-event-props/-/make-event-props-1.2.0.tgz",
      "integrity": "sha512-BmWFkm/jZzVH9A0tEBdkjAARUz/eha+5IRyfOndeSMKRadkgR5DawoBHoRwLxkYmjJOI5bHkXKpaZocxj+dKgg=="
    },
    "merge-class-names": {
      "version": "1.3.0",
      "resolved": "https://registry.npmjs.org/merge-class-names/-/merge-class-names-1.3.0.tgz",
      "integrity": "sha512-k0Qaj36VBpKgdc8c188LEZvo6v/zzry/FUufwopWbMSp6/knfVFU/KIB55/hJjeIpg18IH2WskXJCRnM/1BrdQ=="
    },
    "moment": {
      "version": "2.29.1",
      "resolved": "https://registry.npmjs.org/moment/-/moment-2.29.1.tgz",
      "integrity": "sha512-kHmoybcPV8Sqy59DwNDY3Jefr64lK/by/da0ViFcuA4DH0vQg5Q6Ze5VimxkfQNSC+Mls/Kx53s7TjP1RhFEDQ=="
    },
    "ms": {
      "version": "2.1.2",
      "resolved": "https://registry.npmjs.org/ms/-/ms-2.1.2.tgz",
      "integrity": "sha512-sGkPx+VjMtmA6MX27oA4FBFELFCZZ4S4XqeGOXCv68tT+jb3vk/RyaKWP0PTKyWtmLSM0b+adUTEvbs1PEaH2w=="
    },
    "object-assign": {
      "version": "4.1.1",
      "resolved": "https://registry.npmjs.org/object-assign/-/object-assign-4.1.1.tgz",
      "integrity": "sha1-IQmtx5ZYh8/AXLvUQsrIv7s2CGM="
    },
    "postcss-value-parser": {
      "version": "4.1.0",
      "resolved": "https://registry.npmjs.org/postcss-value-parser/-/postcss-value-parser-4.1.0.tgz",
      "integrity": "sha512-97DXOFbQJhk71ne5/Mt6cOu6yxsSfM0QGQyl0L25Gca4yGWEGJaig7l7gbCX623VqTBNGLRLaVUCnNkcedlRSQ=="
    },
    "prop-types": {
      "version": "15.7.2",
      "resolved": "https://registry.npmjs.org/prop-types/-/prop-types-15.7.2.tgz",
      "integrity": "sha512-8QQikdH7//R2vurIJSutZ1smHYTcLpRWEOlHnzcWHmBYrOGUysKwSsrC89BCiFj3CbrfJ/nXFdJepOVrY1GCHQ==",
      "requires": {
        "loose-envify": "^1.4.0",
        "object-assign": "^4.1.1",
        "react-is": "^16.8.1"
      }
    },
    "react-calendar": {
      "version": "3.2.1",
      "resolved": "https://registry.npmjs.org/react-calendar/-/react-calendar-3.2.1.tgz",
      "integrity": "sha512-nuS2o4FLGdVSNLniP3JatbYDSgp4hVRG2lWFmhx79qwm+XawmziF3aOjixCW6pxdBU36CagvGaGukKTfPfOOwg==",
      "requires": {
        "@wojtekmaj/date-utils": "^1.0.2",
        "get-user-locale": "^1.2.0",
        "merge-class-names": "^1.1.1",
        "prop-types": "^15.6.0"
      }
    },
    "react-date-picker": {
      "version": "8.0.3",
      "resolved": "https://registry.npmjs.org/react-date-picker/-/react-date-picker-8.0.3.tgz",
      "integrity": "sha512-X6uy0VSgW9uqYk2IaB8Y+a7IRD8JBY0Pl9kwxWepp838+ykcy/roXKZUEuW7VYQ+QUy3Vo5zUEKmeUxo56sw/A==",
      "requires": {
        "@types/react-calendar": "^3.0.0",
        "@wojtekmaj/date-utils": "^1.0.3",
        "get-user-locale": "^1.2.0",
        "make-event-props": "^1.1.0",
        "merge-class-names": "^1.1.1",
        "prop-types": "^15.6.0",
        "react-calendar": "^3.0.0",
        "react-fit": "^1.0.3",
        "update-input-width": "^1.1.1"
      }
    },
    "react-fit": {
      "version": "1.3.1",
      "resolved": "https://registry.npmjs.org/react-fit/-/react-fit-1.3.1.tgz",
      "integrity": "sha512-MmVk/SXyVbxiz9peAeD7fWxFdGLoy/sCxte01M3w74regPIVkLqc2yT0wUAGRd1MNP1fQ40MqYKNBLpbK/aI1w==",
      "requires": {
        "detect-element-overflow": "^1.2.0",
        "prop-types": "^15.6.0"
      }
    },
    "react-is": {
      "version": "16.13.1",
      "resolved": "https://registry.npmjs.org/react-is/-/react-is-16.13.1.tgz",
      "integrity": "sha512-24e6ynE2H+OKt4kqsOvNd8kBpV65zoxbA4BVsEOB3ARVWQki/DHzaUoC5KuON/BiccDaCCTZBuOcfZs70kR8bQ=="
    },
    "react-redux": {
      "version": "7.2.2",
      "resolved": "https://registry.npmjs.org/react-redux/-/react-redux-7.2.2.tgz",
      "integrity": "sha512-8+CQ1EvIVFkYL/vu6Olo7JFLWop1qRUeb46sGtIMDCSpgwPQq8fPLpirIB0iTqFe9XYEFPHssdX8/UwN6pAkEA==",
      "requires": {
        "@babel/runtime": "^7.12.1",
        "hoist-non-react-statics": "^3.3.2",
        "loose-envify": "^1.4.0",
        "prop-types": "^15.7.2",
        "react-is": "^16.13.1"
      }
    },
    "redux": {
      "version": "4.0.5",
      "resolved": "https://registry.npmjs.org/redux/-/redux-4.0.5.tgz",
      "integrity": "sha512-VSz1uMAH24DM6MF72vcojpYPtrTUu3ByVWfPL1nPfVRb5mZVTve5GnNCUV53QM/BZ66xfWrm0CTWoM+Xlz8V1w==",
      "requires": {
        "loose-envify": "^1.4.0",
        "symbol-observable": "^1.2.0"
      }
    },
    "redux-thunk": {
      "version": "2.3.0",
      "resolved": "https://registry.npmjs.org/redux-thunk/-/redux-thunk-2.3.0.tgz",
      "integrity": "sha512-km6dclyFnmcvxhAcrQV2AkZmPQjzPDjgVlQtR0EQjxZPyJ0BnMf3in1ryuR8A2qU0HldVRfxYXbFSKlI3N7Slw=="
    },
    "regenerator-runtime": {
      "version": "0.13.7",
      "resolved": "https://registry.npmjs.org/regenerator-runtime/-/regenerator-runtime-0.13.7.tgz",
      "integrity": "sha512-a54FxoJDIr27pgf7IgeQGxmqUNYrcV338lf/6gH456HZ/PhX+5BcwHXG9ajESmwe6WRO0tAzRUrRmNONWgkrew=="
    },
    "reselect": {
      "version": "4.0.0",
      "resolved": "https://registry.npmjs.org/reselect/-/reselect-4.0.0.tgz",
      "integrity": "sha512-qUgANli03jjAyGlnbYVAV5vvnOmJnODyABz51RdBN7M4WaVu8mecZWgyQNkG8Yqe3KRGRt0l4K4B3XVEULC4CA=="
    },
    "shallowequal": {
      "version": "1.1.0",
      "resolved": "https://registry.npmjs.org/shallowequal/-/shallowequal-1.1.0.tgz",
      "integrity": "sha512-y0m1JoUZSlPAjXVtPPW70aZWfIL/dSP7AFkRnniLCrK/8MDKog3TySTBmckD+RObVxH0v4Tox67+F14PdED2oQ=="
    },
    "source-map": {
      "version": "0.5.7",
      "resolved": "https://registry.npmjs.org/source-map/-/source-map-0.5.7.tgz",
      "integrity": "sha1-igOdLRAh0i0eoUyA2OpGi6LvP8w="
    },
    "styled": {
      "version": "1.0.0",
      "resolved": "https://registry.npmjs.org/styled/-/styled-1.0.0.tgz",
      "integrity": "sha1-S0/ztd8GEBaHCr/XF3/2kW6u3GA="
    },
    "styled-components": {
      "version": "5.2.1",
      "resolved": "https://registry.npmjs.org/styled-components/-/styled-components-5.2.1.tgz",
      "integrity": "sha512-sBdgLWrCFTKtmZm/9x7jkIabjFNVzCUeKfoQsM6R3saImkUnjx0QYdLwJHBjY9ifEcmjDamJDVfknWm1yxZPxQ==",
      "requires": {
        "@babel/helper-module-imports": "^7.0.0",
        "@babel/traverse": "^7.4.5",
        "@emotion/is-prop-valid": "^0.8.8",
        "@emotion/stylis": "^0.8.4",
        "@emotion/unitless": "^0.7.4",
        "babel-plugin-styled-components": ">= 1",
        "css-to-react-native": "^3.0.0",
        "hoist-non-react-statics": "^3.0.0",
        "shallowequal": "^1.1.0",
        "supports-color": "^5.5.0"
      }
    },
    "supports-color": {
      "version": "5.5.0",
      "resolved": "https://registry.npmjs.org/supports-color/-/supports-color-5.5.0.tgz",
      "integrity": "sha512-QjVjwdXIt408MIiAqCX4oUKsgU2EqAGzs2Ppkm4aQYbjm+ZEWEcW4SfFNTr4uMNZma0ey4f5lgLrkB0aX0QMow==",
      "requires": {
        "has-flag": "^3.0.0"
      }
    },
    "symbol-observable": {
      "version": "1.2.0",
      "resolved": "https://registry.npmjs.org/symbol-observable/-/symbol-observable-1.2.0.tgz",
      "integrity": "sha512-e900nM8RRtGhlV36KGEU9k65K3mPb1WV70OdjfxlG2EAuM1noi/E/BaW/uMhL7bPEssK8QV57vN3esixjUvcXQ=="
    },
    "to-fast-properties": {
      "version": "2.0.0",
      "resolved": "https://registry.npmjs.org/to-fast-properties/-/to-fast-properties-2.0.0.tgz",
      "integrity": "sha1-3F5pjL0HkmW8c+A3doGk5Og/YW4="
    },
    "update-input-width": {
      "version": "1.2.1",
      "resolved": "https://registry.npmjs.org/update-input-width/-/update-input-width-1.2.1.tgz",
      "integrity": "sha512-zygDshqDb2C2/kgfoD423n5htv/3OBF7aTaz2u2zZy998EJki8njOHOeZjKEd8XSYeDziIX1JXfMsKaIRJeJ/Q=="
    }
  }
}
