{
  "requires": true,
  "lockfileVersion": 1,
  "dependencies": {
    "@kunukn/react-collapse": {
      "version": "2.2.9",
      "resolved": "https://registry.npmjs.org/@kunukn/react-collapse/-/react-collapse-2.2.9.tgz",
      "integrity": "sha512-MKauq6R4HAHS/nGei+na8EpyO4qluTcoDeYetUnT1ME7K+CqxRCAIB4a4xo+gkufg2CuLhORA+s6sNjqm0oHEA=="
    }
  }
}
