{
  "name": "project-todos",
  "lockfileVersion": 2,
  "requires": true,
  "packages": {
    "": {
      "dependencies": {
        "redux-localstorage": "^1.0.0-rc5"
      }
    },
    "node_modules/redux-localstorage": {
      "version": "1.0.0-rc5",
      "resolved": "https://registry.npmjs.org/redux-localstorage/-/redux-localstorage-1.0.0-rc5.tgz",
      "integrity": "sha1-cGe8TLCwO1x5ECWsM93mF11Q1dE="
    }
  },
  "dependencies": {
    "redux-localstorage": {
      "version": "1.0.0-rc5",
      "resolved": "https://registry.npmjs.org/redux-localstorage/-/redux-localstorage-1.0.0-rc5.tgz",
      "integrity": "sha1-cGe8TLCwO1x5ECWsM93mF11Q1dE="
    }
  }
}
